
Microsoft Visual Studio Solution File, Format Version 12.00
# Visual Studio Version 17
VisualStudioVersion = 17.0.31903.59
MinimumVisualStudioVersion = 10.0.40219.1
Project("{9A19103F-16F7-4668-BE54-9A1E7A4F7556}") = "GDPicture.POC.API", "GDPicture.POC.API\GDPicture.POC.API.csproj", "{134DBACB-B2C7-447B-8346-F5D9AE249564}"
EndProject
Project("{FAE04EC0-301F-11D3-BF4B-00C04F79EFBC}") = "GDPicture.POC.Application", "GDPicture.POC.Application\GDPicture.POC.Application.csproj", "{F558A1EB-FBB5-4C9D-9287-982B08801D14}"
EndProject
Project("{FAE04EC0-301F-11D3-BF4B-00C04F79EFBC}") = "GDPicture.POC.ServiceBusTrigger", "GDPicture.POC.ServiceBusTrigger\GDPicture.POC.ServiceBusTrigger.csproj", "{0DD70E28-B536-481F-8BF6-06CD84A1389C}"
EndProject
Global
	GlobalSection(SolutionConfigurationPlatforms) = preSolution
		Debug|Any CPU = Debug|Any CPU
		Release|Any CPU = Release|Any CPU
	EndGlobalSection
	GlobalSection(ProjectConfigurationPlatforms) = postSolution
		{134DBACB-B2C7-447B-8346-F5D9AE249564}.Debug|Any CPU.ActiveCfg = Debug|Any CPU
		{134DBACB-B2C7-447B-8346-F5D9AE249564}.Debug|Any CPU.Build.0 = Debug|Any CPU
		{134DBACB-B2C7-447B-8346-F5D9AE249564}.Release|Any CPU.ActiveCfg = Release|Any CPU
		{134DBACB-B2C7-447B-8346-F5D9AE249564}.Release|Any CPU.Build.0 = Release|Any CPU
		{F558A1EB-FBB5-4C9D-9287-982B08801D14}.Debug|Any CPU.ActiveCfg = Debug|Any CPU
		{F558A1EB-FBB5-4C9D-9287-982B08801D14}.Debug|Any CPU.Build.0 = Debug|Any CPU
		{F558A1EB-FBB5-4C9D-9287-982B08801D14}.Release|Any CPU.ActiveCfg = Release|Any CPU
		{F558A1EB-FBB5-4C9D-9287-982B08801D14}.Release|Any CPU.Build.0 = Release|Any CPU
		{0DD70E28-B536-481F-8BF6-06CD84A1389C}.Debug|Any CPU.ActiveCfg = Debug|Any CPU
		{0DD70E28-B536-481F-8BF6-06CD84A1389C}.Debug|Any CPU.Build.0 = Debug|Any CPU
		{0DD70E28-B536-481F-8BF6-06CD84A1389C}.Release|Any CPU.ActiveCfg = Release|Any CPU
		{0DD70E28-B536-481F-8BF6-06CD84A1389C}.Release|Any CPU.Build.0 = Release|Any CPU
	EndGlobalSection
	GlobalSection(SolutionProperties) = preSolution
		HideSolutionNode = FALSE
	EndGlobalSection
	GlobalSection(ExtensibilityGlobals) = postSolution
		SolutionGuid = {26D523DD-6438-429E-B1F1-EC65FF241967}
	EndGlobalSection
EndGlobal
